
Microsoft Visual Studio Solution File, Format Version 12.00
# Visual Studio Version 17
VisualStudioVersion = 17.8.34004.107
MinimumVisualStudioVersion = 10.0.40219.1
Project("{9A19103F-16F7-4668-BE54-9A1E7A4F7556}") = "Core_Console", "Core_Console\Core_Console.csproj", "{E5294C47-0BD6-44D7-8B00-4B238772F751}"
EndProject
Project("{FAE04EC0-301F-11D3-BF4B-00C04F79EFBC}") = "Framework_Lib", "Framework_Lib\Framework_Lib.csproj", "{99AA02D6-9E3A-428F-BD42-D6D3E1B3BEB7}"
EndProject
Project("{9A19103F-16F7-4668-BE54-9A1E7A4F7556}") = "Multi", "Multi\Multi.csproj", "{D5BE5348-58E0-4DCF-B694-4376C96E041A}"
EndProject
Project("{9A19103F-16F7-4668-BE54-9A1E7A4F7556}") = "Blazor", "Blazor\Blazor.csproj", "{77D0BFD0-817C-4CA3-84F8-0116406724F5}"
EndProject
Project("{9A19103F-16F7-4668-BE54-9A1E7A4F7556}") = "MVC", "MVC\MVC.csproj", "{E2AA2941-1496-458D-BE50-0EFA33EB1812}"
EndProject
Project("{2150E333-8FDC-42A3-9474-1A3956D46DE8}") = "Old", "Old", "{BAB64F28-1AAE-4543-8FF0-2F673F9D300D}"
EndProject
Project("{2150E333-8FDC-42A3-9474-1A3956D46DE8}") = "New", "New", "{2FA5F999-5F56-4B57-A9A2-CA559EDC59A9}"
EndProject
Project("{FAE04EC0-301F-11D3-BF4B-00C04F79EFBC}") = "CoreApp", "CoreApp\CoreApp.csproj", "{8039A8B2-3823-46E8-8B4C-7FEA0C073AC8}"
EndProject
Global
	GlobalSection(SolutionConfigurationPlatforms) = preSolution
		Debug|Any CPU = Debug|Any CPU
		Debug|x64 = Debug|x64
		Debug|x86 = Debug|x86
		Release|Any CPU = Release|Any CPU
		Release|x64 = Release|x64
		Release|x86 = Release|x86
	EndGlobalSection
	GlobalSection(ProjectConfigurationPlatforms) = postSolution
		{E5294C47-0BD6-44D7-8B00-4B238772F751}.Debug|Any CPU.ActiveCfg = Debug|Any CPU
		{E5294C47-0BD6-44D7-8B00-4B238772F751}.Debug|Any CPU.Build.0 = Debug|Any CPU
		{E5294C47-0BD6-44D7-8B00-4B238772F751}.Debug|x64.ActiveCfg = Debug|Any CPU
		{E5294C47-0BD6-44D7-8B00-4B238772F751}.Debug|x64.Build.0 = Debug|Any CPU
		{E5294C47-0BD6-44D7-8B00-4B238772F751}.Debug|x86.ActiveCfg = Debug|Any CPU
		{E5294C47-0BD6-44D7-8B00-4B238772F751}.Debug|x86.Build.0 = Debug|Any CPU
		{E5294C47-0BD6-44D7-8B00-4B238772F751}.Release|Any CPU.ActiveCfg = Release|Any CPU
		{E5294C47-0BD6-44D7-8B00-4B238772F751}.Release|Any CPU.Build.0 = Release|Any CPU
		{E5294C47-0BD6-44D7-8B00-4B238772F751}.Release|x64.ActiveCfg = Release|Any CPU
		{E5294C47-0BD6-44D7-8B00-4B238772F751}.Release|x64.Build.0 = Release|Any CPU
		{E5294C47-0BD6-44D7-8B00-4B238772F751}.Release|x86.ActiveCfg = Release|Any CPU
		{E5294C47-0BD6-44D7-8B00-4B238772F751}.Release|x86.Build.0 = Release|Any CPU
		{99AA02D6-9E3A-428F-BD42-D6D3E1B3BEB7}.Debug|Any CPU.ActiveCfg = Debug|Any CPU
		{99AA02D6-9E3A-428F-BD42-D6D3E1B3BEB7}.Debug|Any CPU.Build.0 = Debug|Any CPU
		{99AA02D6-9E3A-428F-BD42-D6D3E1B3BEB7}.Debug|x64.ActiveCfg = Debug|Any CPU
		{99AA02D6-9E3A-428F-BD42-D6D3E1B3BEB7}.Debug|x64.Build.0 = Debug|Any CPU
		{99AA02D6-9E3A-428F-BD42-D6D3E1B3BEB7}.Debug|x86.ActiveCfg = Debug|Any CPU
		{99AA02D6-9E3A-428F-BD42-D6D3E1B3BEB7}.Debug|x86.Build.0 = Debug|Any CPU
		{99AA02D6-9E3A-428F-BD42-D6D3E1B3BEB7}.Release|Any CPU.ActiveCfg = Release|Any CPU
		{99AA02D6-9E3A-428F-BD42-D6D3E1B3BEB7}.Release|Any CPU.Build.0 = Release|Any CPU
		{99AA02D6-9E3A-428F-BD42-D6D3E1B3BEB7}.Release|x64.ActiveCfg = Release|Any CPU
		{99AA02D6-9E3A-428F-BD42-D6D3E1B3BEB7}.Release|x64.Build.0 = Release|Any CPU
		{99AA02D6-9E3A-428F-BD42-D6D3E1B3BEB7}.Release|x86.ActiveCfg = Release|Any CPU
		{99AA02D6-9E3A-428F-BD42-D6D3E1B3BEB7}.Release|x86.Build.0 = Release|Any CPU
		{D5BE5348-58E0-4DCF-B694-4376C96E041A}.Debug|Any CPU.ActiveCfg = Debug|Any CPU
		{D5BE5348-58E0-4DCF-B694-4376C96E041A}.Debug|Any CPU.Build.0 = Debug|Any CPU
		{D5BE5348-58E0-4DCF-B694-4376C96E041A}.Debug|x64.ActiveCfg = Debug|Any CPU
		{D5BE5348-58E0-4DCF-B694-4376C96E041A}.Debug|x64.Build.0 = Debug|Any CPU
		{D5BE5348-58E0-4DCF-B694-4376C96E041A}.Debug|x86.ActiveCfg = Debug|Any CPU
		{D5BE5348-58E0-4DCF-B694-4376C96E041A}.Debug|x86.Build.0 = Debug|Any CPU
		{D5BE5348-58E0-4DCF-B694-4376C96E041A}.Release|Any CPU.ActiveCfg = Release|Any CPU
		{D5BE5348-58E0-4DCF-B694-4376C96E041A}.Release|Any CPU.Build.0 = Release|Any CPU
		{D5BE5348-58E0-4DCF-B694-4376C96E041A}.Release|x64.ActiveCfg = Release|Any CPU
		{D5BE5348-58E0-4DCF-B694-4376C96E041A}.Release|x64.Build.0 = Release|Any CPU
		{D5BE5348-58E0-4DCF-B694-4376C96E041A}.Release|x86.ActiveCfg = Release|Any CPU
		{D5BE5348-58E0-4DCF-B694-4376C96E041A}.Release|x86.Build.0 = Release|Any CPU
		{77D0BFD0-817C-4CA3-84F8-0116406724F5}.Debug|Any CPU.ActiveCfg = Debug|Any CPU
		{77D0BFD0-817C-4CA3-84F8-0116406724F5}.Debug|Any CPU.Build.0 = Debug|Any CPU
		{77D0BFD0-817C-4CA3-84F8-0116406724F5}.Debug|x64.ActiveCfg = Debug|Any CPU
		{77D0BFD0-817C-4CA3-84F8-0116406724F5}.Debug|x64.Build.0 = Debug|Any CPU
		{77D0BFD0-817C-4CA3-84F8-0116406724F5}.Debug|x86.ActiveCfg = Debug|Any CPU
		{77D0BFD0-817C-4CA3-84F8-0116406724F5}.Debug|x86.Build.0 = Debug|Any CPU
		{77D0BFD0-817C-4CA3-84F8-0116406724F5}.Release|Any CPU.ActiveCfg = Release|Any CPU
		{77D0BFD0-817C-4CA3-84F8-0116406724F5}.Release|Any CPU.Build.0 = Release|Any CPU
		{77D0BFD0-817C-4CA3-84F8-0116406724F5}.Release|x64.ActiveCfg = Release|Any CPU
		{77D0BFD0-817C-4CA3-84F8-0116406724F5}.Release|x64.Build.0 = Release|Any CPU
		{77D0BFD0-817C-4CA3-84F8-0116406724F5}.Release|x86.ActiveCfg = Release|Any CPU
		{77D0BFD0-817C-4CA3-84F8-0116406724F5}.Release|x86.Build.0 = Release|Any CPU
		{E2AA2941-1496-458D-BE50-0EFA33EB1812}.Debug|Any CPU.ActiveCfg = Debug|Any CPU
		{E2AA2941-1496-458D-BE50-0EFA33EB1812}.Debug|Any CPU.Build.0 = Debug|Any CPU
		{E2AA2941-1496-458D-BE50-0EFA33EB1812}.Debug|x64.ActiveCfg = Debug|Any CPU
		{E2AA2941-1496-458D-BE50-0EFA33EB1812}.Debug|x64.Build.0 = Debug|Any CPU
		{E2AA2941-1496-458D-BE50-0EFA33EB1812}.Debug|x86.ActiveCfg = Debug|Any CPU
		{E2AA2941-1496-458D-BE50-0EFA33EB1812}.Debug|x86.Build.0 = Debug|Any CPU
		{E2AA2941-1496-458D-BE50-0EFA33EB1812}.Release|Any CPU.ActiveCfg = Release|Any CPU
		{E2AA2941-1496-458D-BE50-0EFA33EB1812}.Release|Any CPU.Build.0 = Release|Any CPU
		{E2AA2941-1496-458D-BE50-0EFA33EB1812}.Release|x64.ActiveCfg = Release|Any CPU
		{E2AA2941-1496-458D-BE50-0EFA33EB1812}.Release|x64.Build.0 = Release|Any CPU
		{E2AA2941-1496-458D-BE50-0EFA33EB1812}.Release|x86.ActiveCfg = Release|Any CPU
		{E2AA2941-1496-458D-BE50-0EFA33EB1812}.Release|x86.Build.0 = Release|Any CPU
		{8039A8B2-3823-46E8-8B4C-7FEA0C073AC8}.Debug|Any CPU.ActiveCfg = Debug|Any CPU
		{8039A8B2-3823-46E8-8B4C-7FEA0C073AC8}.Debug|Any CPU.Build.0 = Debug|Any CPU
		{8039A8B2-3823-46E8-8B4C-7FEA0C073AC8}.Debug|x64.ActiveCfg = Debug|Any CPU
		{8039A8B2-3823-46E8-8B4C-7FEA0C073AC8}.Debug|x64.Build.0 = Debug|Any CPU
		{8039A8B2-3823-46E8-8B4C-7FEA0C073AC8}.Debug|x86.ActiveCfg = Debug|Any CPU
		{8039A8B2-3823-46E8-8B4C-7FEA0C073AC8}.Debug|x86.Build.0 = Debug|Any CPU
		{8039A8B2-3823-46E8-8B4C-7FEA0C073AC8}.Release|Any CPU.ActiveCfg = Release|Any CPU
		{8039A8B2-3823-46E8-8B4C-7FEA0C073AC8}.Release|Any CPU.Build.0 = Release|Any CPU
		{8039A8B2-3823-46E8-8B4C-7FEA0C073AC8}.Release|x64.ActiveCfg = Release|Any CPU
		{8039A8B2-3823-46E8-8B4C-7FEA0C073AC8}.Release|x64.Build.0 = Release|Any CPU
		{8039A8B2-3823-46E8-8B4C-7FEA0C073AC8}.Release|x86.ActiveCfg = Release|Any CPU
		{8039A8B2-3823-46E8-8B4C-7FEA0C073AC8}.Release|x86.Build.0 = Release|Any CPU
	EndGlobalSection
	GlobalSection(SolutionProperties) = preSolution
		HideSolutionNode = FALSE
	EndGlobalSection
	GlobalSection(NestedProjects) = preSolution
		{E5294C47-0BD6-44D7-8B00-4B238772F751} = {BAB64F28-1AAE-4543-8FF0-2F673F9D300D}
		{99AA02D6-9E3A-428F-BD42-D6D3E1B3BEB7} = {BAB64F28-1AAE-4543-8FF0-2F673F9D300D}
		{D5BE5348-58E0-4DCF-B694-4376C96E041A} = {BAB64F28-1AAE-4543-8FF0-2F673F9D300D}
		{77D0BFD0-817C-4CA3-84F8-0116406724F5} = {BAB64F28-1AAE-4543-8FF0-2F673F9D300D}
		{E2AA2941-1496-458D-BE50-0EFA33EB1812} = {BAB64F28-1AAE-4543-8FF0-2F673F9D300D}
		{8039A8B2-3823-46E8-8B4C-7FEA0C073AC8} = {2FA5F999-5F56-4B57-A9A2-CA559EDC59A9}
	EndGlobalSection
	GlobalSection(ExtensibilityGlobals) = postSolution
		SolutionGuid = {3FE063CF-F3D1-460D-ABF8-4EFA70AADD6B}
	EndGlobalSection
EndGlobal
